
Microsoft Visual Studio Solution File, Format Version 12.00
# Visual Studio Version 16
VisualStudioVersion = 16.0.30517.126
MinimumVisualStudioVersion = 10.0.40219.1
Project("{9A19103F-16F7-4668-BE54-9A1E7A4F7556}") = "ProjectManager", "TaskterManager\ProjectManager.csproj", "{F7E8EF12-845E-4DB7-9AC9-A6F268FE6722}"
EndProject
Project("{9A19103F-16F7-4668-BE54-9A1E7A4F7556}") = "StoriesEngine", "StoriesEngine\StoriesEngine.csproj", "{94DE32AD-5158-462C-A491-EF47D35BA2B4}"
EndProject
Project("{9A19103F-16F7-4668-BE54-9A1E7A4F7556}") = "ProjectAccess", "ProjectAccess\ProjectAccess.csproj", "{FC60C11C-E59D-4903-805A-8EE377D64A59}"
EndProject
Project("{9A19103F-16F7-4668-BE54-9A1E7A4F7556}") = "StoriesAccess", "StoriesAccess\StoriesAccess.csproj", "{FF9F1323-8A05-4AFC-AFAA-17434CD4C323}"
EndProject
Project("{2150E333-8FDC-42A3-9474-1A3956D46DE8}") = "Managers", "Managers", "{578761C5-CF3D-4542-830D-CEC561963A1F}"
EndProject
Project("{2150E333-8FDC-42A3-9474-1A3956D46DE8}") = "Engines", "Engines", "{BB55BF82-C5A3-408F-B024-776D2C0ADACA}"
EndProject
Project("{2150E333-8FDC-42A3-9474-1A3956D46DE8}") = "ResourceAccess", "ResourceAccess", "{A37B06A7-9191-4B22-A13D-C707A6C54663}"
EndProject
Project("{2150E333-8FDC-42A3-9474-1A3956D46DE8}") = "Clients", "Clients", "{035D5A2C-3B45-45C9-902E-6123BC8B0417}"
EndProject
Project("{FAE04EC0-301F-11D3-BF4B-00C04F79EFBC}") = "TaskMasterMobileClient.UWP", "TaskMasterClient\TaskMasterClient.UWP\TaskMasterMobileClient.UWP.csproj", "{6D915E04-A74A-490D-A99D-340242F8E6FB}"
EndProject
Project("{9A19103F-16F7-4668-BE54-9A1E7A4F7556}") = "TaskMasterMobileClient", "TaskMasterClient\TaskMasterClient\TaskMasterMobileClient.csproj", "{0BDD3C00-79B9-4B81-96B7-8283E0DAB5DA}"
EndProject
Global
	GlobalSection(SolutionConfigurationPlatforms) = preSolution
		Debug|Any CPU = Debug|Any CPU
		Debug|ARM = Debug|ARM
		Debug|ARM64 = Debug|ARM64
		Debug|iPhone = Debug|iPhone
		Debug|iPhoneSimulator = Debug|iPhoneSimulator
		Debug|x64 = Debug|x64
		Debug|x86 = Debug|x86
		Release|Any CPU = Release|Any CPU
		Release|ARM = Release|ARM
		Release|ARM64 = Release|ARM64
		Release|iPhone = Release|iPhone
		Release|iPhoneSimulator = Release|iPhoneSimulator
		Release|x64 = Release|x64
		Release|x86 = Release|x86
	EndGlobalSection
	GlobalSection(ProjectConfigurationPlatforms) = postSolution
		{F7E8EF12-845E-4DB7-9AC9-A6F268FE6722}.Debug|Any CPU.ActiveCfg = Debug|Any CPU
		{F7E8EF12-845E-4DB7-9AC9-A6F268FE6722}.Debug|Any CPU.Build.0 = Debug|Any CPU
		{F7E8EF12-845E-4DB7-9AC9-A6F268FE6722}.Debug|ARM.ActiveCfg = Debug|Any CPU
		{F7E8EF12-845E-4DB7-9AC9-A6F268FE6722}.Debug|ARM.Build.0 = Debug|Any CPU
		{F7E8EF12-845E-4DB7-9AC9-A6F268FE6722}.Debug|ARM64.ActiveCfg = Debug|Any CPU
		{F7E8EF12-845E-4DB7-9AC9-A6F268FE6722}.Debug|ARM64.Build.0 = Debug|Any CPU
		{F7E8EF12-845E-4DB7-9AC9-A6F268FE6722}.Debug|iPhone.ActiveCfg = Debug|Any CPU
		{F7E8EF12-845E-4DB7-9AC9-A6F268FE6722}.Debug|iPhone.Build.0 = Debug|Any CPU
		{F7E8EF12-845E-4DB7-9AC9-A6F268FE6722}.Debug|iPhoneSimulator.ActiveCfg = Debug|Any CPU
		{F7E8EF12-845E-4DB7-9AC9-A6F268FE6722}.Debug|iPhoneSimulator.Build.0 = Debug|Any CPU
		{F7E8EF12-845E-4DB7-9AC9-A6F268FE6722}.Debug|x64.ActiveCfg = Debug|Any CPU
		{F7E8EF12-845E-4DB7-9AC9-A6F268FE6722}.Debug|x64.Build.0 = Debug|Any CPU
		{F7E8EF12-845E-4DB7-9AC9-A6F268FE6722}.Debug|x86.ActiveCfg = Debug|Any CPU
		{F7E8EF12-845E-4DB7-9AC9-A6F268FE6722}.Debug|x86.Build.0 = Debug|Any CPU
		{F7E8EF12-845E-4DB7-9AC9-A6F268FE6722}.Release|Any CPU.ActiveCfg = Release|Any CPU
		{F7E8EF12-845E-4DB7-9AC9-A6F268FE6722}.Release|Any CPU.Build.0 = Release|Any CPU
		{F7E8EF12-845E-4DB7-9AC9-A6F268FE6722}.Release|ARM.ActiveCfg = Release|Any CPU
		{F7E8EF12-845E-4DB7-9AC9-A6F268FE6722}.Release|ARM.Build.0 = Release|Any CPU
		{F7E8EF12-845E-4DB7-9AC9-A6F268FE6722}.Release|ARM64.ActiveCfg = Release|Any CPU
		{F7E8EF12-845E-4DB7-9AC9-A6F268FE6722}.Release|ARM64.Build.0 = Release|Any CPU
		{F7E8EF12-845E-4DB7-9AC9-A6F268FE6722}.Release|iPhone.ActiveCfg = Release|Any CPU
		{F7E8EF12-845E-4DB7-9AC9-A6F268FE6722}.Release|iPhone.Build.0 = Release|Any CPU
		{F7E8EF12-845E-4DB7-9AC9-A6F268FE6722}.Release|iPhoneSimulator.ActiveCfg = Release|Any CPU
		{F7E8EF12-845E-4DB7-9AC9-A6F268FE6722}.Release|iPhoneSimulator.Build.0 = Release|Any CPU
		{F7E8EF12-845E-4DB7-9AC9-A6F268FE6722}.Release|x64.ActiveCfg = Release|Any CPU
		{F7E8EF12-845E-4DB7-9AC9-A6F268FE6722}.Release|x64.Build.0 = Release|Any CPU
		{F7E8EF12-845E-4DB7-9AC9-A6F268FE6722}.Release|x86.ActiveCfg = Release|Any CPU
		{F7E8EF12-845E-4DB7-9AC9-A6F268FE6722}.Release|x86.Build.0 = Release|Any CPU
		{94DE32AD-5158-462C-A491-EF47D35BA2B4}.Debug|Any CPU.ActiveCfg = Debug|Any CPU
		{94DE32AD-5158-462C-A491-EF47D35BA2B4}.Debug|Any CPU.Build.0 = Debug|Any CPU
		{94DE32AD-5158-462C-A491-EF47D35BA2B4}.Debug|ARM.ActiveCfg = Debug|Any CPU
		{94DE32AD-5158-462C-A491-EF47D35BA2B4}.Debug|ARM.Build.0 = Debug|Any CPU
		{94DE32AD-5158-462C-A491-EF47D35BA2B4}.Debug|ARM64.ActiveCfg = Debug|Any CPU
		{94DE32AD-5158-462C-A491-EF47D35BA2B4}.Debug|ARM64.Build.0 = Debug|Any CPU
		{94DE32AD-5158-462C-A491-EF47D35BA2B4}.Debug|iPhone.ActiveCfg = Debug|Any CPU
		{94DE32AD-5158-462C-A491-EF47D35BA2B4}.Debug|iPhone.Build.0 = Debug|Any CPU
		{94DE32AD-5158-462C-A491-EF47D35BA2B4}.Debug|iPhoneSimulator.ActiveCfg = Debug|Any CPU
		{94DE32AD-5158-462C-A491-EF47D35BA2B4}.Debug|iPhoneSimulator.Build.0 = Debug|Any CPU
		{94DE32AD-5158-462C-A491-EF47D35BA2B4}.Debug|x64.ActiveCfg = Debug|Any CPU
		{94DE32AD-5158-462C-A491-EF47D35BA2B4}.Debug|x64.Build.0 = Debug|Any CPU
		{94DE32AD-5158-462C-A491-EF47D35BA2B4}.Debug|x86.ActiveCfg = Debug|Any CPU
		{94DE32AD-5158-462C-A491-EF47D35BA2B4}.Debug|x86.Build.0 = Debug|Any CPU
		{94DE32AD-5158-462C-A491-EF47D35BA2B4}.Release|Any CPU.ActiveCfg = Release|Any CPU
		{94DE32AD-5158-462C-A491-EF47D35BA2B4}.Release|Any CPU.Build.0 = Release|Any CPU
		{94DE32AD-5158-462C-A491-EF47D35BA2B4}.Release|ARM.ActiveCfg = Release|Any CPU
		{94DE32AD-5158-462C-A491-EF47D35BA2B4}.Release|ARM.Build.0 = Release|Any CPU
		{94DE32AD-5158-462C-A491-EF47D35BA2B4}.Release|ARM64.ActiveCfg = Release|Any CPU
		{94DE32AD-5158-462C-A491-EF47D35BA2B4}.Release|ARM64.Build.0 = Release|Any CPU
		{94DE32AD-5158-462C-A491-EF47D35BA2B4}.Release|iPhone.ActiveCfg = Release|Any CPU
		{94DE32AD-5158-462C-A491-EF47D35BA2B4}.Release|iPhone.Build.0 = Release|Any CPU
		{94DE32AD-5158-462C-A491-EF47D35BA2B4}.Release|iPhoneSimulator.ActiveCfg = Release|Any CPU
		{94DE32AD-5158-462C-A491-EF47D35BA2B4}.Release|iPhoneSimulator.Build.0 = Release|Any CPU
		{94DE32AD-5158-462C-A491-EF47D35BA2B4}.Release|x64.ActiveCfg = Release|Any CPU
		{94DE32AD-5158-462C-A491-EF47D35BA2B4}.Release|x64.Build.0 = Release|Any CPU
		{94DE32AD-5158-462C-A491-EF47D35BA2B4}.Release|x86.ActiveCfg = Release|Any CPU
		{94DE32AD-5158-462C-A491-EF47D35BA2B4}.Release|x86.Build.0 = Release|Any CPU
		{FC60C11C-E59D-4903-805A-8EE377D64A59}.Debug|Any CPU.ActiveCfg = Debug|Any CPU
		{FC60C11C-E59D-4903-805A-8EE377D64A59}.Debug|Any CPU.Build.0 = Debug|Any CPU
		{FC60C11C-E59D-4903-805A-8EE377D64A59}.Debug|ARM.ActiveCfg = Debug|Any CPU
		{FC60C11C-E59D-4903-805A-8EE377D64A59}.Debug|ARM.Build.0 = Debug|Any CPU
		{FC60C11C-E59D-4903-805A-8EE377D64A59}.Debug|ARM64.ActiveCfg = Debug|Any CPU
		{FC60C11C-E59D-4903-805A-8EE377D64A59}.Debug|ARM64.Build.0 = Debug|Any CPU
		{FC60C11C-E59D-4903-805A-8EE377D64A59}.Debug|iPhone.ActiveCfg = Debug|Any CPU
		{FC60C11C-E59D-4903-805A-8EE377D64A59}.Debug|iPhone.Build.0 = Debug|Any CPU
		{FC60C11C-E59D-4903-805A-8EE377D64A59}.Debug|iPhoneSimulator.ActiveCfg = Debug|Any CPU
		{FC60C11C-E59D-4903-805A-8EE377D64A59}.Debug|iPhoneSimulator.Build.0 = Debug|Any CPU
		{FC60C11C-E59D-4903-805A-8EE377D64A59}.Debug|x64.ActiveCfg = Debug|Any CPU
		{FC60C11C-E59D-4903-805A-8EE377D64A59}.Debug|x64.Build.0 = Debug|Any CPU
		{FC60C11C-E59D-4903-805A-8EE377D64A59}.Debug|x86.ActiveCfg = Debug|Any CPU
		{FC60C11C-E59D-4903-805A-8EE377D64A59}.Debug|x86.Build.0 = Debug|Any CPU
		{FC60C11C-E59D-4903-805A-8EE377D64A59}.Release|Any CPU.ActiveCfg = Release|Any CPU
		{FC60C11C-E59D-4903-805A-8EE377D64A59}.Release|Any CPU.Build.0 = Release|Any CPU
		{FC60C11C-E59D-4903-805A-8EE377D64A59}.Release|ARM.ActiveCfg = Release|Any CPU
		{FC60C11C-E59D-4903-805A-8EE377D64A59}.Release|ARM.Build.0 = Release|Any CPU
		{FC60C11C-E59D-4903-805A-8EE377D64A59}.Release|ARM64.ActiveCfg = Release|Any CPU
		{FC60C11C-E59D-4903-805A-8EE377D64A59}.Release|ARM64.Build.0 = Release|Any CPU
		{FC60C11C-E59D-4903-805A-8EE377D64A59}.Release|iPhone.ActiveCfg = Release|Any CPU
		{FC60C11C-E59D-4903-805A-8EE377D64A59}.Release|iPhone.Build.0 = Release|Any CPU
		{FC60C11C-E59D-4903-805A-8EE377D64A59}.Release|iPhoneSimulator.ActiveCfg = Release|Any CPU
		{FC60C11C-E59D-4903-805A-8EE377D64A59}.Release|iPhoneSimulator.Build.0 = Release|Any CPU
		{FC60C11C-E59D-4903-805A-8EE377D64A59}.Release|x64.ActiveCfg = Release|Any CPU
		{FC60C11C-E59D-4903-805A-8EE377D64A59}.Release|x64.Build.0 = Release|Any CPU
		{FC60C11C-E59D-4903-805A-8EE377D64A59}.Release|x86.ActiveCfg = Release|Any CPU
		{FC60C11C-E59D-4903-805A-8EE377D64A59}.Release|x86.Build.0 = Release|Any CPU
		{FF9F1323-8A05-4AFC-AFAA-17434CD4C323}.Debug|Any CPU.ActiveCfg = Debug|Any CPU
		{FF9F1323-8A05-4AFC-AFAA-17434CD4C323}.Debug|Any CPU.Build.0 = Debug|Any CPU
		{FF9F1323-8A05-4AFC-AFAA-17434CD4C323}.Debug|ARM.ActiveCfg = Debug|Any CPU
		{FF9F1323-8A05-4AFC-AFAA-17434CD4C323}.Debug|ARM.Build.0 = Debug|Any CPU
		{FF9F1323-8A05-4AFC-AFAA-17434CD4C323}.Debug|ARM64.ActiveCfg = Debug|Any CPU
		{FF9F1323-8A05-4AFC-AFAA-17434CD4C323}.Debug|ARM64.Build.0 = Debug|Any CPU
		{FF9F1323-8A05-4AFC-AFAA-17434CD4C323}.Debug|iPhone.ActiveCfg = Debug|Any CPU
		{FF9F1323-8A05-4AFC-AFAA-17434CD4C323}.Debug|iPhone.Build.0 = Debug|Any CPU
		{FF9F1323-8A05-4AFC-AFAA-17434CD4C323}.Debug|iPhoneSimulator.ActiveCfg = Debug|Any CPU
		{FF9F1323-8A05-4AFC-AFAA-17434CD4C323}.Debug|iPhoneSimulator.Build.0 = Debug|Any CPU
		{FF9F1323-8A05-4AFC-AFAA-17434CD4C323}.Debug|x64.ActiveCfg = Debug|Any CPU
		{FF9F1323-8A05-4AFC-AFAA-17434CD4C323}.Debug|x64.Build.0 = Debug|Any CPU
		{FF9F1323-8A05-4AFC-AFAA-17434CD4C323}.Debug|x86.ActiveCfg = Debug|Any CPU
		{FF9F1323-8A05-4AFC-AFAA-17434CD4C323}.Debug|x86.Build.0 = Debug|Any CPU
		{FF9F1323-8A05-4AFC-AFAA-17434CD4C323}.Release|Any CPU.ActiveCfg = Release|Any CPU
		{FF9F1323-8A05-4AFC-AFAA-17434CD4C323}.Release|Any CPU.Build.0 = Release|Any CPU
		{FF9F1323-8A05-4AFC-AFAA-17434CD4C323}.Release|ARM.ActiveCfg = Release|Any CPU
		{FF9F1323-8A05-4AFC-AFAA-17434CD4C323}.Release|ARM.Build.0 = Release|Any CPU
		{FF9F1323-8A05-4AFC-AFAA-17434CD4C323}.Release|ARM64.ActiveCfg = Release|Any CPU
		{FF9F1323-8A05-4AFC-AFAA-17434CD4C323}.Release|ARM64.Build.0 = Release|Any CPU
		{FF9F1323-8A05-4AFC-AFAA-17434CD4C323}.Release|iPhone.ActiveCfg = Release|Any CPU
		{FF9F1323-8A05-4AFC-AFAA-17434CD4C323}.Release|iPhone.Build.0 = Release|Any CPU
		{FF9F1323-8A05-4AFC-AFAA-17434CD4C323}.Release|iPhoneSimulator.ActiveCfg = Release|Any CPU
		{FF9F1323-8A05-4AFC-AFAA-17434CD4C323}.Release|iPhoneSimulator.Build.0 = Release|Any CPU
		{FF9F1323-8A05-4AFC-AFAA-17434CD4C323}.Release|x64.ActiveCfg = Release|Any CPU
		{FF9F1323-8A05-4AFC-AFAA-17434CD4C323}.Release|x64.Build.0 = Release|Any CPU
		{FF9F1323-8A05-4AFC-AFAA-17434CD4C323}.Release|x86.ActiveCfg = Release|Any CPU
		{FF9F1323-8A05-4AFC-AFAA-17434CD4C323}.Release|x86.Build.0 = Release|Any CPU
		{6D915E04-A74A-490D-A99D-340242F8E6FB}.Debug|Any CPU.ActiveCfg = Debug|x86
		{6D915E04-A74A-490D-A99D-340242F8E6FB}.Debug|ARM.ActiveCfg = Debug|ARM
		{6D915E04-A74A-490D-A99D-340242F8E6FB}.Debug|ARM.Build.0 = Debug|ARM
		{6D915E04-A74A-490D-A99D-340242F8E6FB}.Debug|ARM.Deploy.0 = Debug|ARM
		{6D915E04-A74A-490D-A99D-340242F8E6FB}.Debug|ARM64.ActiveCfg = Debug|x86
		{6D915E04-A74A-490D-A99D-340242F8E6FB}.Debug|iPhone.ActiveCfg = Debug|x86
		{6D915E04-A74A-490D-A99D-340242F8E6FB}.Debug|iPhoneSimulator.ActiveCfg = Debug|x86
		{6D915E04-A74A-490D-A99D-340242F8E6FB}.Debug|x64.ActiveCfg = Debug|x64
		{6D915E04-A74A-490D-A99D-340242F8E6FB}.Debug|x64.Build.0 = Debug|x64
		{6D915E04-A74A-490D-A99D-340242F8E6FB}.Debug|x64.Deploy.0 = Debug|x64
		{6D915E04-A74A-490D-A99D-340242F8E6FB}.Debug|x86.ActiveCfg = Debug|x86
		{6D915E04-A74A-490D-A99D-340242F8E6FB}.Debug|x86.Build.0 = Debug|x86
		{6D915E04-A74A-490D-A99D-340242F8E6FB}.Debug|x86.Deploy.0 = Debug|x86
		{6D915E04-A74A-490D-A99D-340242F8E6FB}.Release|Any CPU.ActiveCfg = Release|x86
		{6D915E04-A74A-490D-A99D-340242F8E6FB}.Release|ARM.ActiveCfg = Release|ARM
		{6D915E04-A74A-490D-A99D-340242F8E6FB}.Release|ARM.Build.0 = Release|ARM
		{6D915E04-A74A-490D-A99D-340242F8E6FB}.Release|ARM.Deploy.0 = Release|ARM
		{6D915E04-A74A-490D-A99D-340242F8E6FB}.Release|ARM64.ActiveCfg = Release|x86
		{6D915E04-A74A-490D-A99D-340242F8E6FB}.Release|iPhone.ActiveCfg = Release|x86
		{6D915E04-A74A-490D-A99D-340242F8E6FB}.Release|iPhoneSimulator.ActiveCfg = Release|x86
		{6D915E04-A74A-490D-A99D-340242F8E6FB}.Release|x64.ActiveCfg = Release|x64
		{6D915E04-A74A-490D-A99D-340242F8E6FB}.Release|x64.Build.0 = Release|x64
		{6D915E04-A74A-490D-A99D-340242F8E6FB}.Release|x64.Deploy.0 = Release|x64
		{6D915E04-A74A-490D-A99D-340242F8E6FB}.Release|x86.ActiveCfg = Release|x86
		{6D915E04-A74A-490D-A99D-340242F8E6FB}.Release|x86.Build.0 = Release|x86
		{6D915E04-A74A-490D-A99D-340242F8E6FB}.Release|x86.Deploy.0 = Release|x86
		{0BDD3C00-79B9-4B81-96B7-8283E0DAB5DA}.Debug|Any CPU.ActiveCfg = Debug|Any CPU
		{0BDD3C00-79B9-4B81-96B7-8283E0DAB5DA}.Debug|Any CPU.Build.0 = Debug|Any CPU
		{0BDD3C00-79B9-4B81-96B7-8283E0DAB5DA}.Debug|ARM.ActiveCfg = Debug|Any CPU
		{0BDD3C00-79B9-4B81-96B7-8283E0DAB5DA}.Debug|ARM.Build.0 = Debug|Any CPU
		{0BDD3C00-79B9-4B81-96B7-8283E0DAB5DA}.Debug|ARM64.ActiveCfg = Debug|Any CPU
		{0BDD3C00-79B9-4B81-96B7-8283E0DAB5DA}.Debug|ARM64.Build.0 = Debug|Any CPU
		{0BDD3C00-79B9-4B81-96B7-8283E0DAB5DA}.Debug|iPhone.ActiveCfg = Debug|Any CPU
		{0BDD3C00-79B9-4B81-96B7-8283E0DAB5DA}.Debug|iPhone.Build.0 = Debug|Any CPU
		{0BDD3C00-79B9-4B81-96B7-8283E0DAB5DA}.Debug|iPhoneSimulator.ActiveCfg = Debug|Any CPU
		{0BDD3C00-79B9-4B81-96B7-8283E0DAB5DA}.Debug|iPhoneSimulator.Build.0 = Debug|Any CPU
		{0BDD3C00-79B9-4B81-96B7-8283E0DAB5DA}.Debug|x64.ActiveCfg = Debug|Any CPU
		{0BDD3C00-79B9-4B81-96B7-8283E0DAB5DA}.Debug|x64.Build.0 = Debug|Any CPU
		{0BDD3C00-79B9-4B81-96B7-8283E0DAB5DA}.Debug|x86.ActiveCfg = Debug|Any CPU
		{0BDD3C00-79B9-4B81-96B7-8283E0DAB5DA}.Debug|x86.Build.0 = Debug|Any CPU
		{0BDD3C00-79B9-4B81-96B7-8283E0DAB5DA}.Release|Any CPU.ActiveCfg = Release|Any CPU
		{0BDD3C00-79B9-4B81-96B7-8283E0DAB5DA}.Release|Any CPU.Build.0 = Release|Any CPU
		{0BDD3C00-79B9-4B81-96B7-8283E0DAB5DA}.Release|ARM.ActiveCfg = Release|Any CPU
		{0BDD3C00-79B9-4B81-96B7-8283E0DAB5DA}.Release|ARM.Build.0 = Release|Any CPU
		{0BDD3C00-79B9-4B81-96B7-8283E0DAB5DA}.Release|ARM64.ActiveCfg = Release|Any CPU
		{0BDD3C00-79B9-4B81-96B7-8283E0DAB5DA}.Release|ARM64.Build.0 = Release|Any CPU
		{0BDD3C00-79B9-4B81-96B7-8283E0DAB5DA}.Release|iPhone.ActiveCfg = Release|Any CPU
		{0BDD3C00-79B9-4B81-96B7-8283E0DAB5DA}.Release|iPhone.Build.0 = Release|Any CPU
		{0BDD3C00-79B9-4B81-96B7-8283E0DAB5DA}.Release|iPhoneSimulator.ActiveCfg = Release|Any CPU
		{0BDD3C00-79B9-4B81-96B7-8283E0DAB5DA}.Release|iPhoneSimulator.Build.0 = Release|Any CPU
		{0BDD3C00-79B9-4B81-96B7-8283E0DAB5DA}.Release|x64.ActiveCfg = Release|Any CPU
		{0BDD3C00-79B9-4B81-96B7-8283E0DAB5DA}.Release|x64.Build.0 = Release|Any CPU
		{0BDD3C00-79B9-4B81-96B7-8283E0DAB5DA}.Release|x86.ActiveCfg = Release|Any CPU
		{0BDD3C00-79B9-4B81-96B7-8283E0DAB5DA}.Release|x86.Build.0 = Release|Any CPU
	EndGlobalSection
	GlobalSection(SolutionProperties) = preSolution
		HideSolutionNode = FALSE
	EndGlobalSection
	GlobalSection(NestedProjects) = preSolution
		{F7E8EF12-845E-4DB7-9AC9-A6F268FE6722} = {578761C5-CF3D-4542-830D-CEC561963A1F}
		{94DE32AD-5158-462C-A491-EF47D35BA2B4} = {BB55BF82-C5A3-408F-B024-776D2C0ADACA}
		{FC60C11C-E59D-4903-805A-8EE377D64A59} = {A37B06A7-9191-4B22-A13D-C707A6C54663}
		{FF9F1323-8A05-4AFC-AFAA-17434CD4C323} = {A37B06A7-9191-4B22-A13D-C707A6C54663}
		{6D915E04-A74A-490D-A99D-340242F8E6FB} = {035D5A2C-3B45-45C9-902E-6123BC8B0417}
		{0BDD3C00-79B9-4B81-96B7-8283E0DAB5DA} = {035D5A2C-3B45-45C9-902E-6123BC8B0417}
	EndGlobalSection
	GlobalSection(ExtensibilityGlobals) = postSolution
		SolutionGuid = {87B54936-8893-41FF-A63B-6022B8AD6A23}
	EndGlobalSection
EndGlobal
